
Microsoft Visual Studio Solution File, Format Version 12.00
# Visual Studio Version 17
VisualStudioVersion = 17.13.35931.197 d17.13
MinimumVisualStudioVersion = 10.0.40219.1
Project("{FAE04EC0-301F-11D3-BF4B-00C04F79EFBC}") = "AuthenticationApi", "AuthenticationApi\AuthenticationApi.csproj", "{386256AA-A54D-4E6B-9FA6-A6AEB667A463}"
EndProject
Project("{FAE04EC0-301F-11D3-BF4B-00C04F79EFBC}") = "AuthenticationApi.Application", "AuthenticationApi.Application\AuthenticationApi.Application.csproj", "{44D100E9-40C8-4991-B069-F077884E4BF9}"
EndProject
Project("{FAE04EC0-301F-11D3-BF4B-00C04F79EFBC}") = "AuthenticationApi.Domain", "AuthenticationApi.Domain\AuthenticationApi.Domain.csproj", "{8145582D-E2B3-4670-B7DC-C864734F42E2}"
EndProject
Project("{FAE04EC0-301F-11D3-BF4B-00C04F79EFBC}") = "AuthenticationApi.Infrastructure", "AuthenticationApi.Infrastructure\AuthenticationApi.Infrastructure.csproj", "{4D20AA27-55A9-4CDF-A352-E3D4F76B0C74}"
EndProject
Project("{FAE04EC0-301F-11D3-BF4B-00C04F79EFBC}") = "AuthenticationApi.Shared", "AuthenticationApi.Shared\AuthenticationApi.Shared.csproj", "{A8962829-C316-4485-87D1-705C12B5A851}"
EndProject
Global
	GlobalSection(SolutionConfigurationPlatforms) = preSolution
		Debug|Any CPU = Debug|Any CPU
		Release|Any CPU = Release|Any CPU
	EndGlobalSection
	GlobalSection(ProjectConfigurationPlatforms) = postSolution
		{386256AA-A54D-4E6B-9FA6-A6AEB667A463}.Debug|Any CPU.ActiveCfg = Debug|Any CPU
		{386256AA-A54D-4E6B-9FA6-A6AEB667A463}.Debug|Any CPU.Build.0 = Debug|Any CPU
		{386256AA-A54D-4E6B-9FA6-A6AEB667A463}.Release|Any CPU.ActiveCfg = Release|Any CPU
		{386256AA-A54D-4E6B-9FA6-A6AEB667A463}.Release|Any CPU.Build.0 = Release|Any CPU
		{44D100E9-40C8-4991-B069-F077884E4BF9}.Debug|Any CPU.ActiveCfg = Debug|Any CPU
		{44D100E9-40C8-4991-B069-F077884E4BF9}.Debug|Any CPU.Build.0 = Debug|Any CPU
		{44D100E9-40C8-4991-B069-F077884E4BF9}.Release|Any CPU.ActiveCfg = Release|Any CPU
		{44D100E9-40C8-4991-B069-F077884E4BF9}.Release|Any CPU.Build.0 = Release|Any CPU
		{8145582D-E2B3-4670-B7DC-C864734F42E2}.Debug|Any CPU.ActiveCfg = Debug|Any CPU
		{8145582D-E2B3-4670-B7DC-C864734F42E2}.Debug|Any CPU.Build.0 = Debug|Any CPU
		{8145582D-E2B3-4670-B7DC-C864734F42E2}.Release|Any CPU.ActiveCfg = Release|Any CPU
		{8145582D-E2B3-4670-B7DC-C864734F42E2}.Release|Any CPU.Build.0 = Release|Any CPU
		{4D20AA27-55A9-4CDF-A352-E3D4F76B0C74}.Debug|Any CPU.ActiveCfg = Debug|Any CPU
		{4D20AA27-55A9-4CDF-A352-E3D4F76B0C74}.Debug|Any CPU.Build.0 = Debug|Any CPU
		{4D20AA27-55A9-4CDF-A352-E3D4F76B0C74}.Release|Any CPU.ActiveCfg = Release|Any CPU
		{4D20AA27-55A9-4CDF-A352-E3D4F76B0C74}.Release|Any CPU.Build.0 = Release|Any CPU
		{A8962829-C316-4485-87D1-705C12B5A851}.Debug|Any CPU.ActiveCfg = Debug|Any CPU
		{A8962829-C316-4485-87D1-705C12B5A851}.Debug|Any CPU.Build.0 = Debug|Any CPU
		{A8962829-C316-4485-87D1-705C12B5A851}.Release|Any CPU.ActiveCfg = Release|Any CPU
		{A8962829-C316-4485-87D1-705C12B5A851}.Release|Any CPU.Build.0 = Release|Any CPU
	EndGlobalSection
	GlobalSection(SolutionProperties) = preSolution
		HideSolutionNode = FALSE
	EndGlobalSection
	GlobalSection(ExtensibilityGlobals) = postSolution
		SolutionGuid = {2DD5AF1E-814A-46BC-84F7-9546538B5CA1}
	EndGlobalSection
EndGlobal
